
Microsoft Visual Studio Solution File, Format Version 12.00
# Visual Studio Version 17
VisualStudioVersion = 17.0.31808.319
MinimumVisualStudioVersion = 10.0.40219.1
Project("{FAE04EC0-301F-11D3-BF4B-00C04F79EFBC}") = "RacingDash", "RacingDash\RacingDash.csproj", "{CFDE4BAD-6399-4E7D-955C-8840EE7E56D6}"
EndProject
Global
	GlobalSection(SolutionConfigurationPlatforms) = preSolution
		Debug|Any CPU = Debug|Any CPU
		Release|Any CPU = Release|Any CPU
	EndGlobalSection
	GlobalSection(ProjectConfigurationPlatforms) = postSolution
		{CFDE4BAD-6399-4E7D-955C-8840EE7E56D6}.Debug|Any CPU.ActiveCfg = Debug|Any CPU
		{CFDE4BAD-6399-4E7D-955C-8840EE7E56D6}.Debug|Any CPU.Build.0 = Debug|Any CPU
		{CFDE4BAD-6399-4E7D-955C-8840EE7E56D6}.Release|Any CPU.ActiveCfg = Release|Any CPU
		{CFDE4BAD-6399-4E7D-955C-8840EE7E56D6}.Release|Any CPU.Build.0 = Release|Any CPU
	EndGlobalSection
	GlobalSection(SolutionProperties) = preSolution
		HideSolutionNode = FALSE
	EndGlobalSection
	GlobalSection(ExtensibilityGlobals) = postSolution
		SolutionGuid = {DAE8E0EA-37B9-42E4-85DD-E9432536EBD9}
	EndGlobalSection
EndGlobal
